// !$*UTF8*$!
{
	archiveVersion = 1;
	classes = {
	};
	objectVersion = 50;
	objects = {

/* Begin PBXBuildFile section */
		C5F056C721BF1D6300E502DF /* AppDelegate.swift in Sources */ = {isa = PBXBuildFile; fileRef = C5F056C621BF1D6300E502DF /* AppDelegate.swift */; };
		C5F056C921BF1D6300E502DF /* ViewController.swift in Sources */ = {isa = PBXBuildFile; fileRef = C5F056C821BF1D6300E502DF /* ViewController.swift */; };
		C5F056CC21BF1D6300E502DF /* Main.storyboard in Resources */ = {isa = PBXBuildFile; fileRef = C5F056CA21BF1D6300E502DF /* Main.storyboard */; };
		C5F056CE21BF1D6400E502DF /* Assets.xcassets in Resources */ = {isa = PBXBuildFile; fileRef = C5F056CD21BF1D6400E502DF /* Assets.xcassets */; };
		C5F056D121BF1D6400E502DF /* LaunchScreen.storyboard in Resources */ = {isa = PBXBuildFile; fileRef = C5F056CF21BF1D6400E502DF /* LaunchScreen.storyboard */; };
		C5F056DF21BF1EE100E502DF /* FeedTableViewCell.swift in Sources */ = {isa = PBXBuildFile; fileRef = C5F056DE21BF1EE100E502DF /* FeedTableViewCell.swift */; };
		C5F056E221BF2C7A00E502DF /* Microblog.framework in Frameworks */ = {isa = PBXBuildFile; fileRef = C5F056E121BF2C7A00E502DF /* Microblog.framework */; };
/* End PBXBuildFile section */

/* Begin PBXContainerItemProxy section */
		C5F056EA21BF2EE600E502DF /* PBXContainerItemProxy */ = {
			isa = PBXContainerItemProxy;
			containerPortal = C5F056E521BF2EE600E502DF /* MicroblogFramework.xcodeproj */;
			proxyType = 2;
			remoteGlobalIDString = C5F0569F21BF19E900E502DF;
			remoteInfo = MicroblogFramework;
		};
/* End PBXContainerItemProxy section */

/* Begin PBXFileReference section */
		C5F056C321BF1D6300E502DF /* Snippets-Example.app */ = {isa = PBXFileReference; explicitFileType = wrapper.application; includeInIndex = 0; path = "Snippets-Example.app"; sourceTree = BUILT_PRODUCTS_DIR; };
		C5F056C621BF1D6300E502DF /* AppDelegate.swift */ = {isa = PBXFileReference; lastKnownFileType = sourcecode.swift; path = AppDelegate.swift; sourceTree = "<group>"; };
		C5F056C821BF1D6300E502DF /* ViewController.swift */ = {isa = PBXFileReference; lastKnownFileType = sourcecode.swift; path = ViewController.swift; sourceTree = "<group>"; };
		C5F056CB21BF1D6300E502DF /* Base */ = {isa = PBXFileReference; lastKnownFileType = file.storyboard; name = Base; path = Base.lproj/Main.storyboard; sourceTree = "<group>"; };
		C5F056CD21BF1D6400E502DF /* Assets.xcassets */ = {isa = PBXFileReference; lastKnownFileType = folder.assetcatalog; path = Assets.xcassets; sourceTree = "<group>"; };
		C5F056D021BF1D6400E502DF /* Base */ = {isa = PBXFileReference; lastKnownFileType = file.storyboard; name = Base; path = Base.lproj/LaunchScreen.storyboard; sourceTree = "<group>"; };
		C5F056D221BF1D6400E502DF /* Info.plist */ = {isa = PBXFileReference; lastKnownFileType = text.plist.xml; path = Info.plist; sourceTree = "<group>"; };
		C5F056DA21BF1DAF00E502DF /* MicroblogFramework.framework */ = {isa = PBXFileReference; explicitFileType = wrapper.framework; path = MicroblogFramework.framework; sourceTree = BUILT_PRODUCTS_DIR; };
		C5F056DE21BF1EE100E502DF /* FeedTableViewCell.swift */ = {isa = PBXFileReference; fileEncoding = 4; lastKnownFileType = sourcecode.swift; path = FeedTableViewCell.swift; sourceTree = "<group>"; };
		C5F056E121BF2C7A00E502DF /* Microblog.framework */ = {isa = PBXFileReference; explicitFileType = wrapper.framework; path = Microblog.framework; sourceTree = BUILT_PRODUCTS_DIR; };
		C5F056E521BF2EE600E502DF /* MicroblogFramework.xcodeproj */ = {isa = PBXFileReference; lastKnownFileType = "wrapper.pb-project"; name = MicroblogFramework.xcodeproj; path = ../MicroblogFramework.xcodeproj; sourceTree = "<group>"; };
/* End PBXFileReference section */

/* Begin PBXFrameworksBuildPhase section */
		C5F056C021BF1D6300E502DF /* Frameworks */ = {
			isa = PBXFrameworksBuildPhase;
			buildActionMask = 2147483647;
			files = (
				C5F056E221BF2C7A00E502DF /* Microblog.framework in Frameworks */,
			);
			runOnlyForDeploymentPostprocessing = 0;
		};
/* End PBXFrameworksBuildPhase section */

/* Begin PBXGroup section */
		C5F056BA21BF1D6300E502DF = {
			isa = PBXGroup;
			children = (
				C5F056E521BF2EE600E502DF /* MicroblogFramework.xcodeproj */,
				C5F056C521BF1D6300E502DF /* Snippets-Example */,
				C5F056C421BF1D6300E502DF /* Products */,
				C5F056D921BF1DAF00E502DF /* Frameworks */,
			);
			sourceTree = "<group>";
		};
		C5F056C421BF1D6300E502DF /* Products */ = {
			isa = PBXGroup;
			children = (
				C5F056C321BF1D6300E502DF /* Snippets-Example.app */,
			);
			name = Products;
			sourceTree = "<group>";
		};
		C5F056C521BF1D6300E502DF /* Snippets-Example */ = {
			isa = PBXGroup;
			children = (
				C5F056DE21BF1EE100E502DF /* FeedTableViewCell.swift */,
				C5F056C621BF1D6300E502DF /* AppDelegate.swift */,
				C5F056C821BF1D6300E502DF /* ViewController.swift */,
				C5F056CA21BF1D6300E502DF /* Main.storyboard */,
				C5F056CD21BF1D6400E502DF /* Assets.xcassets */,
				C5F056CF21BF1D6400E502DF /* LaunchScreen.storyboard */,
				C5F056D221BF1D6400E502DF /* Info.plist */,
			);
			path = "Snippets-Example";
			sourceTree = "<group>";
		};
		C5F056D921BF1DAF00E502DF /* Frameworks */ = {
			isa = PBXGroup;
			children = (
				C5F056E121BF2C7A00E502DF /* Microblog.framework */,
				C5F056DA21BF1DAF00E502DF /* MicroblogFramework.framework */,
			);
			name = Frameworks;
			sourceTree = "<group>";
		};
		C5F056E621BF2EE600E502DF /* Products */ = {
			isa = PBXGroup;
			children = (
				C5F056EB21BF2EE600E502DF /* Microblog.framework */,
			);
			name = Products;
			sourceTree = "<group>";
		};
/* End PBXGroup section */

/* Begin PBXNativeTarget section */
		C5F056C221BF1D6300E502DF /* Snippets-Example */ = {
			isa = PBXNativeTarget;
			buildConfigurationList = C5F056D521BF1D6400E502DF /* Build configuration list for PBXNativeTarget "Snippets-Example" */;
			buildPhases = (
				C5F056BF21BF1D6300E502DF /* Sources */,
				C5F056C021BF1D6300E502DF /* Frameworks */,
				C5F056C121BF1D6300E502DF /* Resources */,
			);
			buildRules = (
			);
			dependencies = (
			);
			name = "Snippets-Example";
			productName = "Snippets-Example";
			productReference = C5F056C321BF1D6300E502DF /* Snippets-Example.app */;
			productType = "com.apple.product-type.application";
		};
/* End PBXNativeTarget section */

/* Begin PBXProject section */
		C5F056BB21BF1D6300E502DF /* Project object */ = {
			isa = PBXProject;
			attributes = {
				LastSwiftUpdateCheck = 1010;
				LastUpgradeCheck = 1010;
				ORGANIZATIONNAME = Micro.blog;
				TargetAttributes = {
					C5F056C221BF1D6300E502DF = {
						CreatedOnToolsVersion = 10.1;
					};
				};
			};
			buildConfigurationList = C5F056BE21BF1D6300E502DF /* Build configuration list for PBXProject "Snippets-Example" */;
			compatibilityVersion = "Xcode 9.3";
			developmentRegion = en;
			hasScannedForEncodings = 0;
			knownRegions = (
				en,
				Base,
			);
			mainGroup = C5F056BA21BF1D6300E502DF;
			productRefGroup = C5F056C421BF1D6300E502DF /* Products */;
			projectDirPath = "";
			projectReferences = (
				{
					ProductGroup = C5F056E621BF2EE600E502DF /* Products */;
					ProjectRef = C5F056E521BF2EE600E502DF /* MicroblogFramework.xcodeproj */;
				},
			);
			projectRoot = "";
			targets = (
				C5F056C221BF1D6300E502DF /* Snippets-Example */,
			);
		};
/* End PBXProject section */

/* Begin PBXReferenceProxy section */
		C5F056EB21BF2EE600E502DF /* Microblog.framework */ = {
			isa = PBXReferenceProxy;
			fileType = wrapper.framework;
			path = Microblog.framework;
			remoteRef = C5F056EA21BF2EE600E502DF /* PBXContainerItemProxy */;
			sourceTree = BUILT_PRODUCTS_DIR;
		};
/* End PBXReferenceProxy section */

/* Begin PBXResourcesBuildPhase section */
		C5F056C121BF1D6300E502DF /* Resources */ = {
			isa = PBXResourcesBuildPhase;
			buildActionMask = 2147483647;
			files = (
				C5F056D121BF1D6400E502DF /* LaunchScreen.storyboard in Resources */,
				C5F056CE21BF1D6400E502DF /* Assets.xcassets in Resources */,
				C5F056CC21BF1D6300E502DF /* Main.storyboard in Resources */,
			);
			runOnlyForDeploymentPostprocessing = 0;
		};
/* End PBXResourcesBuildPhase section */

/* Begin PBXSourcesBuildPhase section */
		C5F056BF21BF1D6300E502DF /* Sources */ = {
			isa = PBXSourcesBuildPhase;
			buildActionMask = 2147483647;
			files = (
				C5F056C921BF1D6300E502DF /* ViewController.swift in Sources */,
				C5F056DF21BF1EE100E502DF /* FeedTableViewCell.swift in Sources */,
				C5F056C721BF1D6300E502DF /* AppDelegate.swift in Sources */,
			);
			runOnlyForDeploymentPostprocessing = 0;
		};
/* End PBXSourcesBuildPhase section */

/* Begin PBXVariantGroup section */
		C5F056CA21BF1D6300E502DF /* Main.storyboard */ = {
			isa = PBXVariantGroup;
			children = (
				C5F056CB21BF1D6300E502DF /* Base */,
			);
			name = Main.storyboard;
			sourceTree = "<group>";
		};
		C5F056CF21BF1D6400E502DF /* LaunchScreen.storyboard */ = {
			isa = PBXVariantGroup;
			children = (
				C5F056D021BF1D6400E502DF /* Base */,
			);
			name = LaunchScreen.storyboard;
			sourceTree = "<group>";
		};
/* End PBXVariantGroup section */

/* Begin XCBuildConfiguration section */
		C5F056D321BF1D6400E502DF /* Debug */ = {
			isa = XCBuildConfiguration;
			buildSettings = {
				ALWAYS_SEARCH_USER_PATHS = NO;
				CLANG_ANALYZER_NONNULL = YES;
				CLANG_ANALYZER_NUMBER_OBJECT_CONVERSION = YES_AGGRESSIVE;
				CLANG_CXX_LANGUAGE_STANDARD = "gnu++14";
				CLANG_CXX_LIBRARY = "libc++";
				CLANG_ENABLE_MODULES = YES;
				CLANG_ENABLE_OBJC_ARC = YES;
				CLANG_ENABLE_OBJC_WEAK = YES;
				CLANG_WARN_BLOCK_CAPTURE_AUTORELEASING = YES;
				CLANG_WARN_BOOL_CONVERSION = YES;
				CLANG_WARN_COMMA = YES;
				CLANG_WARN_CONSTANT_CONVERSION = YES;
				CLANG_WARN_DEPRECATED_OBJC_IMPLEMENTATIONS = YES;
				CLANG_WARN_DIRECT_OBJC_ISA_USAGE = YES_ERROR;
				CLANG_WARN_DOCUMENTATION_COMMENTS = YES;
				CLANG_WARN_EMPTY_BODY = YES;
				CLANG_WARN_ENUM_CONVERSION = YES;
				CLANG_WARN_INFINITE_RECURSION = YES;
				CLANG_WARN_INT_CONVERSION = YES;
				CLANG_WARN_NON_LITERAL_NULL_CONVERSION = YES;
				CLANG_WARN_OBJC_IMPLICIT_RETAIN_SELF = YES;
				CLANG_WARN_OBJC_LITERAL_CONVERSION = YES;
				CLANG_WARN_OBJC_ROOT_CLASS = YES_ERROR;
				CLANG_WARN_RANGE_LOOP_ANALYSIS = YES;
				CLANG_WARN_STRICT_PROTOTYPES = YES;
				CLANG_WARN_SUSPICIOUS_MOVE = YES;
				CLANG_WARN_UNGUARDED_AVAILABILITY = YES_AGGRESSIVE;
				CLANG_WARN_UNREACHABLE_CODE = YES;
				CLANG_WARN__DUPLICATE_METHOD_MATCH = YES;
				CODE_SIGN_IDENTITY = "iPhone Developer";
				COPY_PHASE_STRIP = NO;
				DEBUG_INFORMATION_FORMAT = dwarf;
				ENABLE_STRICT_OBJC_MSGSEND = YES;
				ENABLE_TESTABILITY = YES;
				GCC_C_LANGUAGE_STANDARD = gnu11;
				GCC_DYNAMIC_NO_PIC = NO;
				GCC_NO_COMMON_BLOCKS = YES;
				GCC_OPTIMIZATION_LEVEL = 0;
				GCC_PREPROCESSOR_DEFINITIONS = (
					"DEBUG=1",
					"$(inherited)",
				);
				GCC_WARN_64_TO_32_BIT_CONVERSION = YES;
				GCC_WARN_ABOUT_RETURN_TYPE = YES_ERROR;
				GCC_WARN_UNDECLARED_SELECTOR = YES;
				GCC_WARN_UNINITIALIZED_AUTOS = YES_AGGRESSIVE;
				GCC_WARN_UNUSED_FUNCTION = YES;
				GCC_WARN_UNUSED_VARIABLE = YES;
				IPHONEOS_DEPLOYMENT_TARGET = 12.1;
				MTL_ENABLE_DEBUG_INFO = INCLUDE_SOURCE;
				MTL_FAST_MATH = YES;
				ONLY_ACTIVE_ARCH = YES;
				SDKROOT = iphoneos;
				SWIFT_ACTIVE_COMPILATION_CONDITIONS = DEBUG;
				SWIFT_OPTIMIZATION_LEVEL = "-Onone";
			};
			name = Debug;
		};
		C5F056D421BF1D6400E502DF /* Release */ = {
			isa = XCBuildConfiguration;
			buildSettings = {
				ALWAYS_SEARCH_USER_PATHS = NO;
				CLANG_ANALYZER_NONNULL = YES;
				CLANG_ANALYZER_NUMBER_OBJECT_CONVERSION = YES_AGGRESSIVE;
				CLANG_CXX_LANGUAGE_STANDARD = "gnu++14";
				CLANG_CXX_LIBRARY = "libc++";
				CLANG_ENABLE_MODULES = YES;
				CLANG_ENABLE_OBJC_ARC = YES;
				CLANG_ENABLE_OBJC_WEAK = YES;
				CLANG_WARN_BLOCK_CAPTURE_AUTORELEASING = YES;
				CLANG_WARN_BOOL_CONVERSION = YES;
				CLANG_WARN_COMMA = YES;
				CLANG_WARN_CONSTANT_CONVERSION = YES;
				CLANG_WARN_DEPRECATED_OBJC_IMPLEMENTATIONS = YES;
				CLANG_WARN_DIRECT_OBJC_ISA_USAGE = YES_ERROR;
				CLANG_WARN_DOCUMENTATION_COMMENTS = YES;
				CLANG_WARN_EMPTY_BODY = YES;
				CLANG_WARN_ENUM_CONVERSION = YES;
				CLANG_WARN_INFINITE_RECURSION = YES;
				CLANG_WARN_INT_CONVERSION = YES;
				CLANG_WARN_NON_LITERAL_NULL_CONVERSION = YES;
				CLANG_WARN_OBJC_IMPLICIT_RETAIN_SELF = YES;
				CLANG_WARN_OBJC_LITERAL_CONVERSION = YES;
				CLANG_WARN_OBJC_ROOT_CLASS = YES_ERROR;
				CLANG_WARN_RANGE_LOOP_ANALYSIS = YES;
				CLANG_WARN_STRICT_PROTOTYPES = YES;
				CLANG_WARN_SUSPICIOUS_MOVE = YES;
				CLANG_WARN_UNGUARDED_AVAILABILITY = YES_AGGRESSIVE;
				CLANG_WARN_UNREACHABLE_CODE = YES;
				CLANG_WARN__DUPLICATE_METHOD_MATCH = YES;
				CODE_SIGN_IDENTITY = "iPhone Developer";
				COPY_PHASE_STRIP = NO;
				DEBUG_INFORMATION_FORMAT = "dwarf-with-dsym";
				ENABLE_NS_ASSERTIONS = NO;
				ENABLE_STRICT_OBJC_MSGSEND = YES;
				GCC_C_LANGUAGE_STANDARD = gnu11;
				GCC_NO_COMMON_BLOCKS = YES;
				GCC_WARN_64_TO_32_BIT_CONVERSION = YES;
				GCC_WARN_ABOUT_RETURN_TYPE = YES_ERROR;
				GCC_WARN_UNDECLARED_SELECTOR = YES;
				GCC_WARN_UNINITIALIZED_AUTOS = YES_AGGRESSIVE;
				GCC_WARN_UNUSED_FUNCTION = YES;
				GCC_WARN_UNUSED_VARIABLE = YES;
				IPHONEOS_DEPLOYMENT_TARGET = 12.1;
				MTL_ENABLE_DEBUG_INFO = NO;
				MTL_FAST_MATH = YES;
				SDKROOT = iphoneos;
				SWIFT_COMPILATION_MODE = wholemodule;
				SWIFT_OPTIMIZATION_LEVEL = "-O";
				VALIDATE_PRODUCT = YES;
			};
			name = Release;
		};
		C5F056D621BF1D6400E502DF /* Debug */ = {
			isa = XCBuildConfiguration;
			buildSettings = {
				ASSETCATALOG_COMPILER_APPICON_NAME = AppIcon;
				CODE_SIGN_STYLE = Automatic;
				DEVELOPMENT_TEAM = 3F9MDJ6K4E;
				INFOPLIST_FILE = "Snippets-Example/Info.plist";
				LD_RUNPATH_SEARCH_PATHS = (
					"$(inherited)",
					"@executable_path/Frameworks",
				);
				PRODUCT_BUNDLE_IDENTIFIER = "blog.micro.Snippets-Example";
				PRODUCT_NAME = "$(TARGET_NAME)";
				SWIFT_VERSION = 4.2;
				TARGETED_DEVICE_FAMILY = "1,2";
			};
			name = Debug;
		};
		C5F056D721BF1D6400E502DF /* Release */ = {
			isa = XCBuildConfiguration;
			buildSettings = {
				ASSETCATALOG_COMPILER_APPICON_NAME = AppIcon;
				CODE_SIGN_STYLE = Automatic;
				DEVELOPMENT_TEAM = 3F9MDJ6K4E;
				INFOPLIST_FILE = "Snippets-Example/Info.plist";
				LD_RUNPATH_SEARCH_PATHS = (
					"$(inherited)",
					"@executable_path/Frameworks",
				);
				PRODUCT_BUNDLE_IDENTIFIER = "blog.micro.Snippets-Example";
				PRODUCT_NAME = "$(TARGET_NAME)";
				SWIFT_VERSION = 4.2;
				TARGETED_DEVICE_FAMILY = "1,2";
			};
			name = Release;
		};
/* End XCBuildConfiguration section */

/* Begin XCConfigurationList section */
		C5F056BE21BF1D6300E502DF /* Build configuration list for PBXProject "Snippets-Example" */ = {
			isa = XCConfigurationList;
			buildConfigurations = (
				C5F056D321BF1D6400E502DF /* Debug */,
				C5F056D421BF1D6400E502DF /* Release */,
			);
			defaultConfigurationIsVisible = 0;
			defaultConfigurationName = Release;
		};
		C5F056D521BF1D6400E502DF /* Build configuration list for PBXNativeTarget "Snippets-Example" */ = {
			isa = XCConfigurationList;
			buildConfigurations = (
				C5F056D621BF1D6400E502DF /* Debug */,
				C5F056D721BF1D6400E502DF /* Release */,
			);
			defaultConfigurationIsVisible = 0;
			defaultConfigurationName = Release;
		};
/* End XCConfigurationList section */
	};
	rootObject = C5F056BB21BF1D6300E502DF /* Project object */;
}
