// !$*UTF8*$!
{
	archiveVersion = 1;
	classes = {
	};
	objectVersion = 50;
	objects = {

/* Begin PBXBuildFile section */
		C51B9CD4223A1F4D002D2DDD /* UserProfileViewController.swift in Sources */ = {isa = PBXBuildFile; fileRef = C51B9CD3223A1F4D002D2DDD /* UserProfileViewController.swift */; };
		C51B9CD8223B2177002D2DDD /* ProfileHeaderTableViewCell.swift in Sources */ = {isa = PBXBuildFile; fileRef = C51B9CD7223B2177002D2DDD /* ProfileHeaderTableViewCell.swift */; };
		C51B9CDA223B24C7002D2DDD /* ParsingTools.swift in Sources */ = {isa = PBXBuildFile; fileRef = C51B9CD9223B24C7002D2DDD /* ParsingTools.swift */; };
		C52CFA4121F16B5F00D52676 /* Snippets.framework in Frameworks */ = {isa = PBXBuildFile; fileRef = C52CFA3F21F16B2100D52676 /* Snippets.framework */; };
		C5AD83C421E687D600BB2D74 /* AppDelegate.swift in Sources */ = {isa = PBXBuildFile; fileRef = C5AD83C321E687D600BB2D74 /* AppDelegate.swift */; };
		C5AD83CB21E687D700BB2D74 /* Assets.xcassets in Resources */ = {isa = PBXBuildFile; fileRef = C5AD83CA21E687D700BB2D74 /* Assets.xcassets */; };
		C5AD83D821E6882900BB2D74 /* TimelineViewController.swift in Sources */ = {isa = PBXBuildFile; fileRef = C5F056C821BF1D6300E502DF /* TimelineViewController.swift */; };
		C5AD83D921E6883500BB2D74 /* FeedTableViewCell.swift in Sources */ = {isa = PBXBuildFile; fileRef = C5F056DE21BF1EE100E502DF /* FeedTableViewCell.swift */; };
		C5AD83E121E6BC7300BB2D74 /* Main.storyboard in Resources */ = {isa = PBXBuildFile; fileRef = C5AD83C721E687D600BB2D74 /* Main.storyboard */; };
		C5BE875F22406604009DA0F9 /* ImageViewerViewController.swift in Sources */ = {isa = PBXBuildFile; fileRef = C5BE875E22406604009DA0F9 /* ImageViewerViewController.swift */; };
		C5BE876B22413777009DA0F9 /* ConversationViewController.swift in Sources */ = {isa = PBXBuildFile; fileRef = C5BE876A22413777009DA0F9 /* ConversationViewController.swift */; };
		C5BE876F22413C06009DA0F9 /* ComposeViewController.swift in Sources */ = {isa = PBXBuildFile; fileRef = C5BE876E22413C06009DA0F9 /* ComposeViewController.swift */; };
		C5CD1FF121F245FC0024708F /* Snippets.framework in Frameworks */ = {isa = PBXBuildFile; fileRef = C52CFA3B21F16B2100D52676 /* Snippets.framework */; };
		C5CD1FF221F245FC0024708F /* Snippets.framework in Embed Frameworks */ = {isa = PBXBuildFile; fileRef = C52CFA3B21F16B2100D52676 /* Snippets.framework */; settings = {ATTRIBUTES = (CodeSignOnCopy, RemoveHeadersOnCopy, ); }; };
		C5CD1FF621F246200024708F /* UUSwift.framework in Frameworks */ = {isa = PBXBuildFile; fileRef = C5AD83DB21E6886900BB2D74 /* UUSwift.framework */; };
		C5CD1FF721F246200024708F /* UUSwift.framework in Embed Frameworks */ = {isa = PBXBuildFile; fileRef = C5AD83DB21E6886900BB2D74 /* UUSwift.framework */; settings = {ATTRIBUTES = (CodeSignOnCopy, RemoveHeadersOnCopy, ); }; };
		C5F056C721BF1D6300E502DF /* AppDelegate.swift in Sources */ = {isa = PBXBuildFile; fileRef = C5F056C621BF1D6300E502DF /* AppDelegate.swift */; };
		C5F056C921BF1D6300E502DF /* TimelineViewController.swift in Sources */ = {isa = PBXBuildFile; fileRef = C5F056C821BF1D6300E502DF /* TimelineViewController.swift */; };
		C5F056CC21BF1D6300E502DF /* Main.storyboard in Resources */ = {isa = PBXBuildFile; fileRef = C5F056CA21BF1D6300E502DF /* Main.storyboard */; };
		C5F056CE21BF1D6400E502DF /* Assets.xcassets in Resources */ = {isa = PBXBuildFile; fileRef = C5F056CD21BF1D6400E502DF /* Assets.xcassets */; };
		C5F056D121BF1D6400E502DF /* LaunchScreen.storyboard in Resources */ = {isa = PBXBuildFile; fileRef = C5F056CF21BF1D6400E502DF /* LaunchScreen.storyboard */; };
		C5F056DF21BF1EE100E502DF /* FeedTableViewCell.swift in Sources */ = {isa = PBXBuildFile; fileRef = C5F056DE21BF1EE100E502DF /* FeedTableViewCell.swift */; };
/* End PBXBuildFile section */

/* Begin PBXContainerItemProxy section */
		C52CFA3A21F16B2100D52676 /* PBXContainerItemProxy */ = {
			isa = PBXContainerItemProxy;
			containerPortal = C52CFA3321F16B2100D52676 /* Snippets.xcodeproj */;
			proxyType = 2;
			remoteGlobalIDString = C52CF9E221F1667900D52676;
			remoteInfo = Snippets;
		};
		C52CFA3C21F16B2100D52676 /* PBXContainerItemProxy */ = {
			isa = PBXContainerItemProxy;
			containerPortal = C52CFA3321F16B2100D52676 /* Snippets.xcodeproj */;
			proxyType = 2;
			remoteGlobalIDString = C52CFA0E21F168DE00D52676;
			remoteInfo = SnippetsMac;
		};
		C52CFA3E21F16B2100D52676 /* PBXContainerItemProxy */ = {
			isa = PBXContainerItemProxy;
			containerPortal = C52CFA3321F16B2100D52676 /* Snippets.xcodeproj */;
			proxyType = 2;
			remoteGlobalIDString = C52CFA2121F169FD00D52676;
			remoteInfo = SnippetsTV;
		};
		C5CD1FF321F245FC0024708F /* PBXContainerItemProxy */ = {
			isa = PBXContainerItemProxy;
			containerPortal = C52CFA3321F16B2100D52676 /* Snippets.xcodeproj */;
			proxyType = 1;
			remoteGlobalIDString = C52CF9E121F1667900D52676;
			remoteInfo = Snippets;
		};
/* End PBXContainerItemProxy section */

/* Begin PBXCopyFilesBuildPhase section */
		C5CD1FF521F245FC0024708F /* Embed Frameworks */ = {
			isa = PBXCopyFilesBuildPhase;
			buildActionMask = 2147483647;
			dstPath = "";
			dstSubfolderSpec = 10;
			files = (
				C5CD1FF721F246200024708F /* UUSwift.framework in Embed Frameworks */,
				C5CD1FF221F245FC0024708F /* Snippets.framework in Embed Frameworks */,
			);
			name = "Embed Frameworks";
			runOnlyForDeploymentPostprocessing = 0;
		};
/* End PBXCopyFilesBuildPhase section */

/* Begin PBXFileReference section */
		C51B9CD3223A1F4D002D2DDD /* UserProfileViewController.swift */ = {isa = PBXFileReference; lastKnownFileType = sourcecode.swift; path = UserProfileViewController.swift; sourceTree = "<group>"; };
		C51B9CD7223B2177002D2DDD /* ProfileHeaderTableViewCell.swift */ = {isa = PBXFileReference; lastKnownFileType = sourcecode.swift; path = ProfileHeaderTableViewCell.swift; sourceTree = "<group>"; };
		C51B9CD9223B24C7002D2DDD /* ParsingTools.swift */ = {isa = PBXFileReference; lastKnownFileType = sourcecode.swift; path = ParsingTools.swift; sourceTree = "<group>"; };
		C52CFA3321F16B2100D52676 /* Snippets.xcodeproj */ = {isa = PBXFileReference; lastKnownFileType = "wrapper.pb-project"; name = Snippets.xcodeproj; path = ../Snippets.xcodeproj; sourceTree = "<group>"; };
		C5AD83C121E687D600BB2D74 /* Snippets-Example.app */ = {isa = PBXFileReference; explicitFileType = wrapper.application; includeInIndex = 0; path = "Snippets-Example.app"; sourceTree = BUILT_PRODUCTS_DIR; };
		C5AD83C321E687D600BB2D74 /* AppDelegate.swift */ = {isa = PBXFileReference; lastKnownFileType = sourcecode.swift; path = AppDelegate.swift; sourceTree = "<group>"; };
		C5AD83C821E687D600BB2D74 /* Base */ = {isa = PBXFileReference; lastKnownFileType = file.storyboard; name = Base; path = Base.lproj/Main.storyboard; sourceTree = "<group>"; };
		C5AD83CA21E687D700BB2D74 /* Assets.xcassets */ = {isa = PBXFileReference; lastKnownFileType = folder.assetcatalog; path = Assets.xcassets; sourceTree = "<group>"; };
		C5AD83CC21E687D700BB2D74 /* Info.plist */ = {isa = PBXFileReference; lastKnownFileType = text.plist.xml; path = Info.plist; sourceTree = "<group>"; };
		C5AD83DB21E6886900BB2D74 /* UUSwift.framework */ = {isa = PBXFileReference; explicitFileType = wrapper.framework; path = UUSwift.framework; sourceTree = BUILT_PRODUCTS_DIR; };
		C5BE875E22406604009DA0F9 /* ImageViewerViewController.swift */ = {isa = PBXFileReference; lastKnownFileType = sourcecode.swift; path = ImageViewerViewController.swift; sourceTree = "<group>"; };
		C5BE876A22413777009DA0F9 /* ConversationViewController.swift */ = {isa = PBXFileReference; lastKnownFileType = sourcecode.swift; path = ConversationViewController.swift; sourceTree = "<group>"; };
		C5BE876E22413C06009DA0F9 /* ComposeViewController.swift */ = {isa = PBXFileReference; lastKnownFileType = sourcecode.swift; path = ComposeViewController.swift; sourceTree = "<group>"; };
		C5F056C321BF1D6300E502DF /* Snippets-Example.app */ = {isa = PBXFileReference; explicitFileType = wrapper.application; includeInIndex = 0; path = "Snippets-Example.app"; sourceTree = BUILT_PRODUCTS_DIR; };
		C5F056C621BF1D6300E502DF /* AppDelegate.swift */ = {isa = PBXFileReference; lastKnownFileType = sourcecode.swift; path = AppDelegate.swift; sourceTree = "<group>"; };
		C5F056C821BF1D6300E502DF /* TimelineViewController.swift */ = {isa = PBXFileReference; lastKnownFileType = sourcecode.swift; path = TimelineViewController.swift; sourceTree = "<group>"; };
		C5F056CB21BF1D6300E502DF /* Base */ = {isa = PBXFileReference; lastKnownFileType = file.storyboard; name = Base; path = Base.lproj/Main.storyboard; sourceTree = "<group>"; };
		C5F056CD21BF1D6400E502DF /* Assets.xcassets */ = {isa = PBXFileReference; lastKnownFileType = folder.assetcatalog; path = Assets.xcassets; sourceTree = "<group>"; };
		C5F056D021BF1D6400E502DF /* Base */ = {isa = PBXFileReference; lastKnownFileType = file.storyboard; name = Base; path = Base.lproj/LaunchScreen.storyboard; sourceTree = "<group>"; };
		C5F056D221BF1D6400E502DF /* Info.plist */ = {isa = PBXFileReference; lastKnownFileType = text.plist.xml; path = Info.plist; sourceTree = "<group>"; };
		C5F056DE21BF1EE100E502DF /* FeedTableViewCell.swift */ = {isa = PBXFileReference; fileEncoding = 4; lastKnownFileType = sourcecode.swift; path = FeedTableViewCell.swift; sourceTree = "<group>"; };
		C5F056E121BF2C7A00E502DF /* Microblog.framework */ = {isa = PBXFileReference; explicitFileType = wrapper.framework; path = Microblog.framework; sourceTree = BUILT_PRODUCTS_DIR; };
/* End PBXFileReference section */

/* Begin PBXFrameworksBuildPhase section */
		C5AD83BE21E687D600BB2D74 /* Frameworks */ = {
			isa = PBXFrameworksBuildPhase;
			buildActionMask = 2147483647;
			files = (
				C52CFA4121F16B5F00D52676 /* Snippets.framework in Frameworks */,
			);
			runOnlyForDeploymentPostprocessing = 0;
		};
		C5F056C021BF1D6300E502DF /* Frameworks */ = {
			isa = PBXFrameworksBuildPhase;
			buildActionMask = 2147483647;
			files = (
				C5CD1FF621F246200024708F /* UUSwift.framework in Frameworks */,
				C5CD1FF121F245FC0024708F /* Snippets.framework in Frameworks */,
			);
			runOnlyForDeploymentPostprocessing = 0;
		};
/* End PBXFrameworksBuildPhase section */

/* Begin PBXGroup section */
		C51B9CDB223B5CEF002D2DDD /* Resources */ = {
			isa = PBXGroup;
			children = (
				C5F056CA21BF1D6300E502DF /* Main.storyboard */,
				C5F056CD21BF1D6400E502DF /* Assets.xcassets */,
				C5F056CF21BF1D6400E502DF /* LaunchScreen.storyboard */,
				C5F056D221BF1D6400E502DF /* Info.plist */,
			);
			name = Resources;
			sourceTree = "<group>";
		};
		C52CFA3421F16B2100D52676 /* Products */ = {
			isa = PBXGroup;
			children = (
				C52CFA3B21F16B2100D52676 /* Snippets.framework */,
				C52CFA3D21F16B2100D52676 /* Snippets.framework */,
				C52CFA3F21F16B2100D52676 /* Snippets.framework */,
			);
			name = Products;
			sourceTree = "<group>";
		};
		C5AD83C221E687D600BB2D74 /* Snippets-ExampleTV */ = {
			isa = PBXGroup;
			children = (
				C5AD83C321E687D600BB2D74 /* AppDelegate.swift */,
				C5AD83C721E687D600BB2D74 /* Main.storyboard */,
				C5AD83CA21E687D700BB2D74 /* Assets.xcassets */,
				C5AD83CC21E687D700BB2D74 /* Info.plist */,
			);
			path = "Snippets-ExampleTV";
			sourceTree = "<group>";
		};
		C5F056BA21BF1D6300E502DF = {
			isa = PBXGroup;
			children = (
				C5F056C521BF1D6300E502DF /* Snippets-Example */,
				C52CFA3321F16B2100D52676 /* Snippets.xcodeproj */,
				C5AD83C221E687D600BB2D74 /* Snippets-ExampleTV */,
				C5F056C421BF1D6300E502DF /* Products */,
				C5F056D921BF1DAF00E502DF /* Frameworks */,
			);
			sourceTree = "<group>";
		};
		C5F056C421BF1D6300E502DF /* Products */ = {
			isa = PBXGroup;
			children = (
				C5F056C321BF1D6300E502DF /* Snippets-Example.app */,
				C5AD83C121E687D600BB2D74 /* Snippets-Example.app */,
			);
			name = Products;
			sourceTree = "<group>";
		};
		C5F056C521BF1D6300E502DF /* Snippets-Example */ = {
			isa = PBXGroup;
			children = (
				C5F056C621BF1D6300E502DF /* AppDelegate.swift */,
				C51B9CD9223B24C7002D2DDD /* ParsingTools.swift */,
				C5F056DE21BF1EE100E502DF /* FeedTableViewCell.swift */,
				C51B9CD7223B2177002D2DDD /* ProfileHeaderTableViewCell.swift */,
				C5F056C821BF1D6300E502DF /* TimelineViewController.swift */,
				C51B9CD3223A1F4D002D2DDD /* UserProfileViewController.swift */,
				C5BE876A22413777009DA0F9 /* ConversationViewController.swift */,
				C5BE876E22413C06009DA0F9 /* ComposeViewController.swift */,
				C5BE875E22406604009DA0F9 /* ImageViewerViewController.swift */,
				C51B9CDB223B5CEF002D2DDD /* Resources */,
			);
			path = "Snippets-Example";
			sourceTree = "<group>";
		};
		C5F056D921BF1DAF00E502DF /* Frameworks */ = {
			isa = PBXGroup;
			children = (
				C5AD83DB21E6886900BB2D74 /* UUSwift.framework */,
				C5F056E121BF2C7A00E502DF /* Microblog.framework */,
			);
			name = Frameworks;
			sourceTree = "<group>";
		};
/* End PBXGroup section */

/* Begin PBXNativeTarget section */
		C5AD83C021E687D600BB2D74 /* Snippets-ExampleTV */ = {
			isa = PBXNativeTarget;
			buildConfigurationList = C5AD83D621E687D700BB2D74 /* Build configuration list for PBXNativeTarget "Snippets-ExampleTV" */;
			buildPhases = (
				C5AD83BD21E687D600BB2D74 /* Sources */,
				C5AD83BE21E687D600BB2D74 /* Frameworks */,
				C5AD83BF21E687D600BB2D74 /* Resources */,
			);
			buildRules = (
			);
			dependencies = (
			);
			name = "Snippets-ExampleTV";
			productName = "Snippets-ExampleTV";
			productReference = C5AD83C121E687D600BB2D74 /* Snippets-Example.app */;
			productType = "com.apple.product-type.application";
		};
		C5F056C221BF1D6300E502DF /* Snippets-Example */ = {
			isa = PBXNativeTarget;
			buildConfigurationList = C5F056D521BF1D6400E502DF /* Build configuration list for PBXNativeTarget "Snippets-Example" */;
			buildPhases = (
				C5F056BF21BF1D6300E502DF /* Sources */,
				C5F056C021BF1D6300E502DF /* Frameworks */,
				C5F056C121BF1D6300E502DF /* Resources */,
				C5CD1FF521F245FC0024708F /* Embed Frameworks */,
			);
			buildRules = (
			);
			dependencies = (
				C5CD1FF421F245FC0024708F /* PBXTargetDependency */,
			);
			name = "Snippets-Example";
			productName = "Snippets-Example";
			productReference = C5F056C321BF1D6300E502DF /* Snippets-Example.app */;
			productType = "com.apple.product-type.application";
		};
/* End PBXNativeTarget section */

/* Begin PBXProject section */
		C5F056BB21BF1D6300E502DF /* Project object */ = {
			isa = PBXProject;
			attributes = {
				LastSwiftUpdateCheck = 1010;
				LastUpgradeCheck = 1010;
				ORGANIZATIONNAME = Micro.blog;
				TargetAttributes = {
					C5AD83C021E687D600BB2D74 = {
						CreatedOnToolsVersion = 10.1;
					};
					C5F056C221BF1D6300E502DF = {
						CreatedOnToolsVersion = 10.1;
					};
				};
			};
			buildConfigurationList = C5F056BE21BF1D6300E502DF /* Build configuration list for PBXProject "Snippets-Example" */;
			compatibilityVersion = "Xcode 9.3";
			developmentRegion = en;
			hasScannedForEncodings = 0;
			knownRegions = (
				en,
				Base,
			);
			mainGroup = C5F056BA21BF1D6300E502DF;
			productRefGroup = C5F056C421BF1D6300E502DF /* Products */;
			projectDirPath = "";
			projectReferences = (
				{
					ProductGroup = C52CFA3421F16B2100D52676 /* Products */;
					ProjectRef = C52CFA3321F16B2100D52676 /* Snippets.xcodeproj */;
				},
			);
			projectRoot = "";
			targets = (
				C5F056C221BF1D6300E502DF /* Snippets-Example */,
				C5AD83C021E687D600BB2D74 /* Snippets-ExampleTV */,
			);
		};
/* End PBXProject section */

/* Begin PBXReferenceProxy section */
		C52CFA3B21F16B2100D52676 /* Snippets.framework */ = {
			isa = PBXReferenceProxy;
			fileType = wrapper.framework;
			path = Snippets.framework;
			remoteRef = C52CFA3A21F16B2100D52676 /* PBXContainerItemProxy */;
			sourceTree = BUILT_PRODUCTS_DIR;
		};
		C52CFA3D21F16B2100D52676 /* Snippets.framework */ = {
			isa = PBXReferenceProxy;
			fileType = wrapper.framework;
			path = Snippets.framework;
			remoteRef = C52CFA3C21F16B2100D52676 /* PBXContainerItemProxy */;
			sourceTree = BUILT_PRODUCTS_DIR;
		};
		C52CFA3F21F16B2100D52676 /* Snippets.framework */ = {
			isa = PBXReferenceProxy;
			fileType = wrapper.framework;
			path = Snippets.framework;
			remoteRef = C52CFA3E21F16B2100D52676 /* PBXContainerItemProxy */;
			sourceTree = BUILT_PRODUCTS_DIR;
		};
/* End PBXReferenceProxy section */

/* Begin PBXResourcesBuildPhase section */
		C5AD83BF21E687D600BB2D74 /* Resources */ = {
			isa = PBXResourcesBuildPhase;
			buildActionMask = 2147483647;
			files = (
				C5AD83CB21E687D700BB2D74 /* Assets.xcassets in Resources */,
				C5AD83E121E6BC7300BB2D74 /* Main.storyboard in Resources */,
			);
			runOnlyForDeploymentPostprocessing = 0;
		};
		C5F056C121BF1D6300E502DF /* Resources */ = {
			isa = PBXResourcesBuildPhase;
			buildActionMask = 2147483647;
			files = (
				C5F056D121BF1D6400E502DF /* LaunchScreen.storyboard in Resources */,
				C5F056CE21BF1D6400E502DF /* Assets.xcassets in Resources */,
				C5F056CC21BF1D6300E502DF /* Main.storyboard in Resources */,
			);
			runOnlyForDeploymentPostprocessing = 0;
		};
/* End PBXResourcesBuildPhase section */

/* Begin PBXSourcesBuildPhase section */
		C5AD83BD21E687D600BB2D74 /* Sources */ = {
			isa = PBXSourcesBuildPhase;
			buildActionMask = 2147483647;
			files = (
				C5AD83D821E6882900BB2D74 /* TimelineViewController.swift in Sources */,
				C5AD83D921E6883500BB2D74 /* FeedTableViewCell.swift in Sources */,
				C5AD83C421E687D600BB2D74 /* AppDelegate.swift in Sources */,
			);
			runOnlyForDeploymentPostprocessing = 0;
		};
		C5F056BF21BF1D6300E502DF /* Sources */ = {
			isa = PBXSourcesBuildPhase;
			buildActionMask = 2147483647;
			files = (
				C5BE876F22413C06009DA0F9 /* ComposeViewController.swift in Sources */,
				C51B9CDA223B24C7002D2DDD /* ParsingTools.swift in Sources */,
				C5F056C921BF1D6300E502DF /* TimelineViewController.swift in Sources */,
				C5BE876B22413777009DA0F9 /* ConversationViewController.swift in Sources */,
				C5BE875F22406604009DA0F9 /* ImageViewerViewController.swift in Sources */,
				C51B9CD4223A1F4D002D2DDD /* UserProfileViewController.swift in Sources */,
				C5F056DF21BF1EE100E502DF /* FeedTableViewCell.swift in Sources */,
				C5F056C721BF1D6300E502DF /* AppDelegate.swift in Sources */,
				C51B9CD8223B2177002D2DDD /* ProfileHeaderTableViewCell.swift in Sources */,
			);
			runOnlyForDeploymentPostprocessing = 0;
		};
/* End PBXSourcesBuildPhase section */

/* Begin PBXTargetDependency section */
		C5CD1FF421F245FC0024708F /* PBXTargetDependency */ = {
			isa = PBXTargetDependency;
			name = Snippets;
			targetProxy = C5CD1FF321F245FC0024708F /* PBXContainerItemProxy */;
		};
/* End PBXTargetDependency section */

/* Begin PBXVariantGroup section */
		C5AD83C721E687D600BB2D74 /* Main.storyboard */ = {
			isa = PBXVariantGroup;
			children = (
				C5AD83C821E687D600BB2D74 /* Base */,
			);
			name = Main.storyboard;
			sourceTree = "<group>";
		};
		C5F056CA21BF1D6300E502DF /* Main.storyboard */ = {
			isa = PBXVariantGroup;
			children = (
				C5F056CB21BF1D6300E502DF /* Base */,
			);
			name = Main.storyboard;
			sourceTree = "<group>";
		};
		C5F056CF21BF1D6400E502DF /* LaunchScreen.storyboard */ = {
			isa = PBXVariantGroup;
			children = (
				C5F056D021BF1D6400E502DF /* Base */,
			);
			name = LaunchScreen.storyboard;
			sourceTree = "<group>";
		};
/* End PBXVariantGroup section */

/* Begin XCBuildConfiguration section */
		C5AD83CD21E687D700BB2D74 /* Debug */ = {
			isa = XCBuildConfiguration;
			buildSettings = {
				ASSETCATALOG_COMPILER_APPICON_NAME = "App Icon & Top Shelf Image";
				ASSETCATALOG_COMPILER_LAUNCHIMAGE_NAME = LaunchImage;
				CODE_SIGN_STYLE = Automatic;
				DEVELOPMENT_TEAM = 3F9MDJ6K4E;
				INFOPLIST_FILE = "Snippets-ExampleTV/Info.plist";
				LD_RUNPATH_SEARCH_PATHS = (
					"$(inherited)",
					"@executable_path/Frameworks",
				);
				PRODUCT_BUNDLE_IDENTIFIER = "blog.micro.Snippets-ExampleTV";
				PRODUCT_NAME = "Snippets-Example";
				SDKROOT = appletvos;
				SWIFT_VERSION = 4.2;
				TARGETED_DEVICE_FAMILY = 3;
				TVOS_DEPLOYMENT_TARGET = 10.0;
			};
			name = Debug;
		};
		C5AD83CE21E687D700BB2D74 /* Release */ = {
			isa = XCBuildConfiguration;
			buildSettings = {
				ASSETCATALOG_COMPILER_APPICON_NAME = "App Icon & Top Shelf Image";
				ASSETCATALOG_COMPILER_LAUNCHIMAGE_NAME = LaunchImage;
				CODE_SIGN_STYLE = Automatic;
				DEVELOPMENT_TEAM = 3F9MDJ6K4E;
				INFOPLIST_FILE = "Snippets-ExampleTV/Info.plist";
				LD_RUNPATH_SEARCH_PATHS = (
					"$(inherited)",
					"@executable_path/Frameworks",
				);
				PRODUCT_BUNDLE_IDENTIFIER = "blog.micro.Snippets-ExampleTV";
				PRODUCT_NAME = "Snippets-Example";
				SDKROOT = appletvos;
				SWIFT_VERSION = 4.2;
				TARGETED_DEVICE_FAMILY = 3;
				TVOS_DEPLOYMENT_TARGET = 10.0;
			};
			name = Release;
		};
		C5F056D321BF1D6400E502DF /* Debug */ = {
			isa = XCBuildConfiguration;
			buildSettings = {
				ALWAYS_SEARCH_USER_PATHS = NO;
				CLANG_ANALYZER_NONNULL = YES;
				CLANG_ANALYZER_NUMBER_OBJECT_CONVERSION = YES_AGGRESSIVE;
				CLANG_CXX_LANGUAGE_STANDARD = "gnu++14";
				CLANG_CXX_LIBRARY = "libc++";
				CLANG_ENABLE_MODULES = YES;
				CLANG_ENABLE_OBJC_ARC = YES;
				CLANG_ENABLE_OBJC_WEAK = YES;
				CLANG_WARN_BLOCK_CAPTURE_AUTORELEASING = YES;
				CLANG_WARN_BOOL_CONVERSION = YES;
				CLANG_WARN_COMMA = YES;
				CLANG_WARN_CONSTANT_CONVERSION = YES;
				CLANG_WARN_DEPRECATED_OBJC_IMPLEMENTATIONS = YES;
				CLANG_WARN_DIRECT_OBJC_ISA_USAGE = YES_ERROR;
				CLANG_WARN_DOCUMENTATION_COMMENTS = YES;
				CLANG_WARN_EMPTY_BODY = YES;
				CLANG_WARN_ENUM_CONVERSION = YES;
				CLANG_WARN_INFINITE_RECURSION = YES;
				CLANG_WARN_INT_CONVERSION = YES;
				CLANG_WARN_NON_LITERAL_NULL_CONVERSION = YES;
				CLANG_WARN_OBJC_IMPLICIT_RETAIN_SELF = YES;
				CLANG_WARN_OBJC_LITERAL_CONVERSION = YES;
				CLANG_WARN_OBJC_ROOT_CLASS = YES_ERROR;
				CLANG_WARN_RANGE_LOOP_ANALYSIS = YES;
				CLANG_WARN_STRICT_PROTOTYPES = YES;
				CLANG_WARN_SUSPICIOUS_MOVE = YES;
				CLANG_WARN_UNGUARDED_AVAILABILITY = YES_AGGRESSIVE;
				CLANG_WARN_UNREACHABLE_CODE = YES;
				CLANG_WARN__DUPLICATE_METHOD_MATCH = YES;
				CODE_SIGN_IDENTITY = "iPhone Developer";
				COPY_PHASE_STRIP = NO;
				DEBUG_INFORMATION_FORMAT = dwarf;
				ENABLE_STRICT_OBJC_MSGSEND = YES;
				ENABLE_TESTABILITY = YES;
				GCC_C_LANGUAGE_STANDARD = gnu11;
				GCC_DYNAMIC_NO_PIC = NO;
				GCC_NO_COMMON_BLOCKS = YES;
				GCC_OPTIMIZATION_LEVEL = 0;
				GCC_PREPROCESSOR_DEFINITIONS = (
					"DEBUG=1",
					"$(inherited)",
				);
				GCC_WARN_64_TO_32_BIT_CONVERSION = YES;
				GCC_WARN_ABOUT_RETURN_TYPE = YES_ERROR;
				GCC_WARN_UNDECLARED_SELECTOR = YES;
				GCC_WARN_UNINITIALIZED_AUTOS = YES_AGGRESSIVE;
				GCC_WARN_UNUSED_FUNCTION = YES;
				GCC_WARN_UNUSED_VARIABLE = YES;
				IPHONEOS_DEPLOYMENT_TARGET = 12.1;
				MTL_ENABLE_DEBUG_INFO = INCLUDE_SOURCE;
				MTL_FAST_MATH = YES;
				ONLY_ACTIVE_ARCH = YES;
				SDKROOT = iphoneos;
				SWIFT_ACTIVE_COMPILATION_CONDITIONS = DEBUG;
				SWIFT_OPTIMIZATION_LEVEL = "-Onone";
			};
			name = Debug;
		};
		C5F056D421BF1D6400E502DF /* Release */ = {
			isa = XCBuildConfiguration;
			buildSettings = {
				ALWAYS_SEARCH_USER_PATHS = NO;
				CLANG_ANALYZER_NONNULL = YES;
				CLANG_ANALYZER_NUMBER_OBJECT_CONVERSION = YES_AGGRESSIVE;
				CLANG_CXX_LANGUAGE_STANDARD = "gnu++14";
				CLANG_CXX_LIBRARY = "libc++";
				CLANG_ENABLE_MODULES = YES;
				CLANG_ENABLE_OBJC_ARC = YES;
				CLANG_ENABLE_OBJC_WEAK = YES;
				CLANG_WARN_BLOCK_CAPTURE_AUTORELEASING = YES;
				CLANG_WARN_BOOL_CONVERSION = YES;
				CLANG_WARN_COMMA = YES;
				CLANG_WARN_CONSTANT_CONVERSION = YES;
				CLANG_WARN_DEPRECATED_OBJC_IMPLEMENTATIONS = YES;
				CLANG_WARN_DIRECT_OBJC_ISA_USAGE = YES_ERROR;
				CLANG_WARN_DOCUMENTATION_COMMENTS = YES;
				CLANG_WARN_EMPTY_BODY = YES;
				CLANG_WARN_ENUM_CONVERSION = YES;
				CLANG_WARN_INFINITE_RECURSION = YES;
				CLANG_WARN_INT_CONVERSION = YES;
				CLANG_WARN_NON_LITERAL_NULL_CONVERSION = YES;
				CLANG_WARN_OBJC_IMPLICIT_RETAIN_SELF = YES;
				CLANG_WARN_OBJC_LITERAL_CONVERSION = YES;
				CLANG_WARN_OBJC_ROOT_CLASS = YES_ERROR;
				CLANG_WARN_RANGE_LOOP_ANALYSIS = YES;
				CLANG_WARN_STRICT_PROTOTYPES = YES;
				CLANG_WARN_SUSPICIOUS_MOVE = YES;
				CLANG_WARN_UNGUARDED_AVAILABILITY = YES_AGGRESSIVE;
				CLANG_WARN_UNREACHABLE_CODE = YES;
				CLANG_WARN__DUPLICATE_METHOD_MATCH = YES;
				CODE_SIGN_IDENTITY = "iPhone Developer";
				COPY_PHASE_STRIP = NO;
				DEBUG_INFORMATION_FORMAT = "dwarf-with-dsym";
				ENABLE_NS_ASSERTIONS = NO;
				ENABLE_STRICT_OBJC_MSGSEND = YES;
				GCC_C_LANGUAGE_STANDARD = gnu11;
				GCC_NO_COMMON_BLOCKS = YES;
				GCC_WARN_64_TO_32_BIT_CONVERSION = YES;
				GCC_WARN_ABOUT_RETURN_TYPE = YES_ERROR;
				GCC_WARN_UNDECLARED_SELECTOR = YES;
				GCC_WARN_UNINITIALIZED_AUTOS = YES_AGGRESSIVE;
				GCC_WARN_UNUSED_FUNCTION = YES;
				GCC_WARN_UNUSED_VARIABLE = YES;
				IPHONEOS_DEPLOYMENT_TARGET = 12.1;
				MTL_ENABLE_DEBUG_INFO = NO;
				MTL_FAST_MATH = YES;
				SDKROOT = iphoneos;
				SWIFT_COMPILATION_MODE = wholemodule;
				SWIFT_OPTIMIZATION_LEVEL = "-O";
				VALIDATE_PRODUCT = YES;
			};
			name = Release;
		};
		C5F056D621BF1D6400E502DF /* Debug */ = {
			isa = XCBuildConfiguration;
			buildSettings = {
				ALWAYS_EMBED_SWIFT_STANDARD_LIBRARIES = YES;
				ASSETCATALOG_COMPILER_APPICON_NAME = AppIcon;
				CODE_SIGN_STYLE = Automatic;
				DEVELOPMENT_TEAM = 3F9MDJ6K4E;
				INFOPLIST_FILE = "Snippets-Example/Info.plist";
				IPHONEOS_DEPLOYMENT_TARGET = 10.0;
				LD_RUNPATH_SEARCH_PATHS = (
					"$(inherited)",
					"@executable_path/Frameworks",
				);
				PRODUCT_BUNDLE_IDENTIFIER = "blog.micro.Snippets-Example";
				PRODUCT_NAME = "$(TARGET_NAME)";
				SWIFT_VERSION = 4.2;
				TARGETED_DEVICE_FAMILY = "1,2";
			};
			name = Debug;
		};
		C5F056D721BF1D6400E502DF /* Release */ = {
			isa = XCBuildConfiguration;
			buildSettings = {
				ALWAYS_EMBED_SWIFT_STANDARD_LIBRARIES = YES;
				ASSETCATALOG_COMPILER_APPICON_NAME = AppIcon;
				CODE_SIGN_STYLE = Automatic;
				DEVELOPMENT_TEAM = 3F9MDJ6K4E;
				INFOPLIST_FILE = "Snippets-Example/Info.plist";
				IPHONEOS_DEPLOYMENT_TARGET = 10.0;
				LD_RUNPATH_SEARCH_PATHS = (
					"$(inherited)",
					"@executable_path/Frameworks",
				);
				PRODUCT_BUNDLE_IDENTIFIER = "blog.micro.Snippets-Example";
				PRODUCT_NAME = "$(TARGET_NAME)";
				SWIFT_VERSION = 4.2;
				TARGETED_DEVICE_FAMILY = "1,2";
			};
			name = Release;
		};
/* End XCBuildConfiguration section */

/* Begin XCConfigurationList section */
		C5AD83D621E687D700BB2D74 /* Build configuration list for PBXNativeTarget "Snippets-ExampleTV" */ = {
			isa = XCConfigurationList;
			buildConfigurations = (
				C5AD83CD21E687D700BB2D74 /* Debug */,
				C5AD83CE21E687D700BB2D74 /* Release */,
			);
			defaultConfigurationIsVisible = 0;
			defaultConfigurationName = Release;
		};
		C5F056BE21BF1D6300E502DF /* Build configuration list for PBXProject "Snippets-Example" */ = {
			isa = XCConfigurationList;
			buildConfigurations = (
				C5F056D321BF1D6400E502DF /* Debug */,
				C5F056D421BF1D6400E502DF /* Release */,
			);
			defaultConfigurationIsVisible = 0;
			defaultConfigurationName = Release;
		};
		C5F056D521BF1D6400E502DF /* Build configuration list for PBXNativeTarget "Snippets-Example" */ = {
			isa = XCConfigurationList;
			buildConfigurations = (
				C5F056D621BF1D6400E502DF /* Debug */,
				C5F056D721BF1D6400E502DF /* Release */,
			);
			defaultConfigurationIsVisible = 0;
			defaultConfigurationName = Release;
		};
/* End XCConfigurationList section */
	};
	rootObject = C5F056BB21BF1D6300E502DF /* Project object */;
}
